// !$*UTF8*$!
{
	archiveVersion = 1;
	classes = {
	};
	objectVersion = 46;
	objects = {

/* Begin PBXBuildFile section */
		060B5AA48FF6E7A86D8B5696 /* Pods_CirclePay_Pod_iOS_Tests.framework in Frameworks */ = {isa = PBXBuildFile; fileRef = 91D2084C5B1FEB93B9908C58 /* Pods_CirclePay_Pod_iOS_Tests.framework */; };
		181DE4E92843AD8800F82F9B /* InvoiceListContainerView.swift in Sources */ = {isa = PBXBuildFile; fileRef = 181DE4E12843AD8800F82F9B /* InvoiceListContainerView.swift */; };
		181DE4EA2843AD8800F82F9B /* InvoiceListPresenter.swift in Sources */ = {isa = PBXBuildFile; fileRef = 181DE4E22843AD8800F82F9B /* InvoiceListPresenter.swift */; };
		181DE4EB2843AD8800F82F9B /* InvoiceListRouter.swift in Sources */ = {isa = PBXBuildFile; fileRef = 181DE4E32843AD8800F82F9B /* InvoiceListRouter.swift */; };
		181DE4EC2843AD8800F82F9B /* InvoiceListViewController.swift in Sources */ = {isa = PBXBuildFile; fileRef = 181DE4E42843AD8800F82F9B /* InvoiceListViewController.swift */; };
		181DE4ED2843AD8800F82F9B /* InvoiceListProtocols.swift in Sources */ = {isa = PBXBuildFile; fileRef = 181DE4E52843AD8800F82F9B /* InvoiceListProtocols.swift */; };
		181DE4EE2843AD8800F82F9B /* InvoiceListInteractor.swift in Sources */ = {isa = PBXBuildFile; fileRef = 181DE4E62843AD8800F82F9B /* InvoiceListInteractor.swift */; };
		181DE4EF2843AD8800F82F9B /* InvoiceListEntity.swift in Sources */ = {isa = PBXBuildFile; fileRef = 181DE4E72843AD8800F82F9B /* InvoiceListEntity.swift */; };
		181DE567285F180400F82F9B /* InvoiceCreateModule.swift in Sources */ = {isa = PBXBuildFile; fileRef = 181DE566285F180400F82F9B /* InvoiceCreateModule.swift */; };
		181DE569285F183B00F82F9B /* InvoiceGetModule.swift in Sources */ = {isa = PBXBuildFile; fileRef = 181DE568285F183B00F82F9B /* InvoiceGetModule.swift */; };
		181DE56B285F1BD200F82F9B /* InvoiceListModule.swift in Sources */ = {isa = PBXBuildFile; fileRef = 181DE56A285F1BD200F82F9B /* InvoiceListModule.swift */; };
		181DE56D285F1F9B00F82F9B /* InvoiceDeleteModule.swift in Sources */ = {isa = PBXBuildFile; fileRef = 181DE56C285F1F9B00F82F9B /* InvoiceDeleteModule.swift */; };
		181DE57128639A0400F82F9B /* MerchantCreateModule.swift in Sources */ = {isa = PBXBuildFile; fileRef = 181DE57028639A0400F82F9B /* MerchantCreateModule.swift */; };
		181DE57328639E0A00F82F9B /* MerchantGetModule.swift in Sources */ = {isa = PBXBuildFile; fileRef = 181DE57228639E0A00F82F9B /* MerchantGetModule.swift */; };
		181DE57528639F7A00F82F9B /* MerchantListModule.swift in Sources */ = {isa = PBXBuildFile; fileRef = 181DE57428639F7A00F82F9B /* MerchantListModule.swift */; };
		181DE5772863A0CC00F82F9B /* MerchantUpdateModule.swift in Sources */ = {isa = PBXBuildFile; fileRef = 181DE5762863A0CC00F82F9B /* MerchantUpdateModule.swift */; };
		181DE5792863A26300F82F9B /* MerchantEnablePaymentGatewayModule.swift in Sources */ = {isa = PBXBuildFile; fileRef = 181DE5782863A26300F82F9B /* MerchantEnablePaymentGatewayModule.swift */; };
		181DE57B2863A40000F82F9B /* MerchantDisablePaymentGatewayModule.swift in Sources */ = {isa = PBXBuildFile; fileRef = 181DE57A2863A40000F82F9B /* MerchantDisablePaymentGatewayModule.swift */; };
		181DE57D2863A48A00F82F9B /* MerchantListPaymentGatewaysModule.swift in Sources */ = {isa = PBXBuildFile; fileRef = 181DE57C2863A48A00F82F9B /* MerchantListPaymentGatewaysModule.swift */; };
		181DE57F2863A69400F82F9B /* MerchantEnablePaymentMethodModule.swift in Sources */ = {isa = PBXBuildFile; fileRef = 181DE57E2863A69400F82F9B /* MerchantEnablePaymentMethodModule.swift */; };
		181DE5812863A75F00F82F9B /* MerchantDisablePaymentMethodModule.swift in Sources */ = {isa = PBXBuildFile; fileRef = 181DE5802863A75F00F82F9B /* MerchantDisablePaymentMethodModule.swift */; };
		181DE5832863A81300F82F9B /* MerchantListPaymentMethodsModule.swift in Sources */ = {isa = PBXBuildFile; fileRef = 181DE5822863A81300F82F9B /* MerchantListPaymentMethodsModule.swift */; };
		181DE5852863AA2300F82F9B /* MerchantSendOTPModule.swift in Sources */ = {isa = PBXBuildFile; fileRef = 181DE5842863AA2300F82F9B /* MerchantSendOTPModule.swift */; };
		181DE5872863AB9E00F82F9B /* MerchantVerifyModule.swift in Sources */ = {isa = PBXBuildFile; fileRef = 181DE5862863AB9E00F82F9B /* MerchantVerifyModule.swift */; };
		181DE58A286884CC00F82F9B /* CustomerCreateModule.swift in Sources */ = {isa = PBXBuildFile; fileRef = 181DE589286884CC00F82F9B /* CustomerCreateModule.swift */; };
		181DE58C2868869400F82F9B /* CustomerUpdateModule.swift in Sources */ = {isa = PBXBuildFile; fileRef = 181DE58B2868869400F82F9B /* CustomerUpdateModule.swift */; };
		181DE58E2868873000F82F9B /* CustomerListModule.swift in Sources */ = {isa = PBXBuildFile; fileRef = 181DE58D2868873000F82F9B /* CustomerListModule.swift */; };
		181DE5902868895800F82F9B /* CustomerGetModule.swift in Sources */ = {isa = PBXBuildFile; fileRef = 181DE58F2868895800F82F9B /* CustomerGetModule.swift */; };
		1829334D285133180005E5FF /* InvoicePayModule.swift in Sources */ = {isa = PBXBuildFile; fileRef = 1829334C285133180005E5FF /* InvoicePayModule.swift */; };
		187F719C283B79A30054309D /* NormalIndicator.swift in Sources */ = {isa = PBXBuildFile; fileRef = 187F719B283B79A30054309D /* NormalIndicator.swift */; };
		187F719E283B79D80054309D /* Indicator + UIView.swift in Sources */ = {isa = PBXBuildFile; fileRef = 187F719D283B79D80054309D /* Indicator + UIView.swift */; };
		187F71A0283B79EC0054309D /* LottieIndicator.swift in Sources */ = {isa = PBXBuildFile; fileRef = 187F719F283B79EC0054309D /* LottieIndicator.swift */; };
		1886C1C92868ADB500C812E5 /* InvoiceFirstScreenPresenterTests.swift in Sources */ = {isa = PBXBuildFile; fileRef = 1886C1C82868ADB500C812E5 /* InvoiceFirstScreenPresenterTests.swift */; };
		1886C1CB286B05DF00C812E5 /* RefundPolicyPresenterTests.swift in Sources */ = {isa = PBXBuildFile; fileRef = 1886C1CA286B05DF00C812E5 /* RefundPolicyPresenterTests.swift */; };
		1886C1CD286B075A00C812E5 /* ShippingPolicyPresenterTests.swift in Sources */ = {isa = PBXBuildFile; fileRef = 1886C1CC286B075A00C812E5 /* ShippingPolicyPresenterTests.swift */; };
		498F500029D9409882FB5AD4 /* Pods_CirclePay_Pod_iOS_Example.framework in Frameworks */ = {isa = PBXBuildFile; fileRef = E2A2134673A78D8D125EA624 /* Pods_CirclePay_Pod_iOS_Example.framework */; };
		607FACD61AFB9204008FA782 /* AppDelegate.swift in Sources */ = {isa = PBXBuildFile; fileRef = 607FACD51AFB9204008FA782 /* AppDelegate.swift */; };
		607FACD81AFB9204008FA782 /* InitialViewController.swift in Sources */ = {isa = PBXBuildFile; fileRef = 607FACD71AFB9204008FA782 /* InitialViewController.swift */; };
		607FACDB1AFB9204008FA782 /* Main.storyboard in Resources */ = {isa = PBXBuildFile; fileRef = 607FACD91AFB9204008FA782 /* Main.storyboard */; };
		607FACDD1AFB9204008FA782 /* Images.xcassets in Resources */ = {isa = PBXBuildFile; fileRef = 607FACDC1AFB9204008FA782 /* Images.xcassets */; };
		607FACE01AFB9204008FA782 /* LaunchScreen.xib in Resources */ = {isa = PBXBuildFile; fileRef = 607FACDE1AFB9204008FA782 /* LaunchScreen.xib */; };
		607FACEC1AFB9204008FA782 /* Tests.swift in Sources */ = {isa = PBXBuildFile; fileRef = 607FACEB1AFB9204008FA782 /* Tests.swift */; };
/* End PBXBuildFile section */

/* Begin PBXContainerItemProxy section */
		607FACE61AFB9204008FA782 /* PBXContainerItemProxy */ = {
			isa = PBXContainerItemProxy;
			containerPortal = 607FACC81AFB9204008FA782 /* Project object */;
			proxyType = 1;
			remoteGlobalIDString = 607FACCF1AFB9204008FA782;
			remoteInfo = CirclePay_Pod_iOS;
		};
/* End PBXContainerItemProxy section */

/* Begin PBXFileReference section */
		01D7A2188D4229946AD6D51C /* Pods-CirclePay_Pod_iOS_Example.debug.xcconfig */ = {isa = PBXFileReference; includeInIndex = 1; lastKnownFileType = text.xcconfig; name = "Pods-CirclePay_Pod_iOS_Example.debug.xcconfig"; path = "Target Support Files/Pods-CirclePay_Pod_iOS_Example/Pods-CirclePay_Pod_iOS_Example.debug.xcconfig"; sourceTree = "<group>"; };
		181DE4E12843AD8800F82F9B /* InvoiceListContainerView.swift */ = {isa = PBXFileReference; lastKnownFileType = sourcecode.swift; path = InvoiceListContainerView.swift; sourceTree = "<group>"; };
		181DE4E22843AD8800F82F9B /* InvoiceListPresenter.swift */ = {isa = PBXFileReference; lastKnownFileType = sourcecode.swift; path = InvoiceListPresenter.swift; sourceTree = "<group>"; };
		181DE4E32843AD8800F82F9B /* InvoiceListRouter.swift */ = {isa = PBXFileReference; lastKnownFileType = sourcecode.swift; path = InvoiceListRouter.swift; sourceTree = "<group>"; };
		181DE4E42843AD8800F82F9B /* InvoiceListViewController.swift */ = {isa = PBXFileReference; lastKnownFileType = sourcecode.swift; path = InvoiceListViewController.swift; sourceTree = "<group>"; };
		181DE4E52843AD8800F82F9B /* InvoiceListProtocols.swift */ = {isa = PBXFileReference; lastKnownFileType = sourcecode.swift; path = InvoiceListProtocols.swift; sourceTree = "<group>"; };
		181DE4E62843AD8800F82F9B /* InvoiceListInteractor.swift */ = {isa = PBXFileReference; lastKnownFileType = sourcecode.swift; path = InvoiceListInteractor.swift; sourceTree = "<group>"; };
		181DE4E72843AD8800F82F9B /* InvoiceListEntity.swift */ = {isa = PBXFileReference; lastKnownFileType = sourcecode.swift; path = InvoiceListEntity.swift; sourceTree = "<group>"; };
		181DE566285F180400F82F9B /* InvoiceCreateModule.swift */ = {isa = PBXFileReference; fileEncoding = 4; lastKnownFileType = sourcecode.swift; path = InvoiceCreateModule.swift; sourceTree = "<group>"; };
		181DE568285F183B00F82F9B /* InvoiceGetModule.swift */ = {isa = PBXFileReference; lastKnownFileType = sourcecode.swift; path = InvoiceGetModule.swift; sourceTree = "<group>"; };
		181DE56A285F1BD200F82F9B /* InvoiceListModule.swift */ = {isa = PBXFileReference; lastKnownFileType = sourcecode.swift; path = InvoiceListModule.swift; sourceTree = "<group>"; };
		181DE56C285F1F9B00F82F9B /* InvoiceDeleteModule.swift */ = {isa = PBXFileReference; lastKnownFileType = sourcecode.swift; path = InvoiceDeleteModule.swift; sourceTree = "<group>"; };
		181DE57028639A0400F82F9B /* MerchantCreateModule.swift */ = {isa = PBXFileReference; lastKnownFileType = sourcecode.swift; path = MerchantCreateModule.swift; sourceTree = "<group>"; };
		181DE57228639E0A00F82F9B /* MerchantGetModule.swift */ = {isa = PBXFileReference; lastKnownFileType = sourcecode.swift; path = MerchantGetModule.swift; sourceTree = "<group>"; };
		181DE57428639F7A00F82F9B /* MerchantListModule.swift */ = {isa = PBXFileReference; lastKnownFileType = sourcecode.swift; path = MerchantListModule.swift; sourceTree = "<group>"; };
		181DE5762863A0CC00F82F9B /* MerchantUpdateModule.swift */ = {isa = PBXFileReference; lastKnownFileType = sourcecode.swift; path = MerchantUpdateModule.swift; sourceTree = "<group>"; };
		181DE5782863A26300F82F9B /* MerchantEnablePaymentGatewayModule.swift */ = {isa = PBXFileReference; lastKnownFileType = sourcecode.swift; path = MerchantEnablePaymentGatewayModule.swift; sourceTree = "<group>"; };
		181DE57A2863A40000F82F9B /* MerchantDisablePaymentGatewayModule.swift */ = {isa = PBXFileReference; lastKnownFileType = sourcecode.swift; path = MerchantDisablePaymentGatewayModule.swift; sourceTree = "<group>"; };
		181DE57C2863A48A00F82F9B /* MerchantListPaymentGatewaysModule.swift */ = {isa = PBXFileReference; lastKnownFileType = sourcecode.swift; path = MerchantListPaymentGatewaysModule.swift; sourceTree = "<group>"; };
		181DE57E2863A69400F82F9B /* MerchantEnablePaymentMethodModule.swift */ = {isa = PBXFileReference; lastKnownFileType = sourcecode.swift; path = MerchantEnablePaymentMethodModule.swift; sourceTree = "<group>"; };
		181DE5802863A75F00F82F9B /* MerchantDisablePaymentMethodModule.swift */ = {isa = PBXFileReference; lastKnownFileType = sourcecode.swift; path = MerchantDisablePaymentMethodModule.swift; sourceTree = "<group>"; };
		181DE5822863A81300F82F9B /* MerchantListPaymentMethodsModule.swift */ = {isa = PBXFileReference; lastKnownFileType = sourcecode.swift; path = MerchantListPaymentMethodsModule.swift; sourceTree = "<group>"; };
		181DE5842863AA2300F82F9B /* MerchantSendOTPModule.swift */ = {isa = PBXFileReference; lastKnownFileType = sourcecode.swift; path = MerchantSendOTPModule.swift; sourceTree = "<group>"; };
		181DE5862863AB9E00F82F9B /* MerchantVerifyModule.swift */ = {isa = PBXFileReference; lastKnownFileType = sourcecode.swift; path = MerchantVerifyModule.swift; sourceTree = "<group>"; };
		181DE589286884CC00F82F9B /* CustomerCreateModule.swift */ = {isa = PBXFileReference; lastKnownFileType = sourcecode.swift; path = CustomerCreateModule.swift; sourceTree = "<group>"; };
		181DE58B2868869400F82F9B /* CustomerUpdateModule.swift */ = {isa = PBXFileReference; lastKnownFileType = sourcecode.swift; path = CustomerUpdateModule.swift; sourceTree = "<group>"; };
		181DE58D2868873000F82F9B /* CustomerListModule.swift */ = {isa = PBXFileReference; lastKnownFileType = sourcecode.swift; path = CustomerListModule.swift; sourceTree = "<group>"; };
		181DE58F2868895800F82F9B /* CustomerGetModule.swift */ = {isa = PBXFileReference; lastKnownFileType = sourcecode.swift; path = CustomerGetModule.swift; sourceTree = "<group>"; };
		1829334C285133180005E5FF /* InvoicePayModule.swift */ = {isa = PBXFileReference; lastKnownFileType = sourcecode.swift; path = InvoicePayModule.swift; sourceTree = "<group>"; };
		187F719B283B79A30054309D /* NormalIndicator.swift */ = {isa = PBXFileReference; lastKnownFileType = sourcecode.swift; path = NormalIndicator.swift; sourceTree = "<group>"; };
		187F719D283B79D80054309D /* Indicator + UIView.swift */ = {isa = PBXFileReference; lastKnownFileType = sourcecode.swift; path = "Indicator + UIView.swift"; sourceTree = "<group>"; };
		187F719F283B79EC0054309D /* LottieIndicator.swift */ = {isa = PBXFileReference; lastKnownFileType = sourcecode.swift; path = LottieIndicator.swift; sourceTree = "<group>"; };
		1886C1C82868ADB500C812E5 /* InvoiceFirstScreenPresenterTests.swift */ = {isa = PBXFileReference; lastKnownFileType = sourcecode.swift; path = InvoiceFirstScreenPresenterTests.swift; sourceTree = "<group>"; };
		1886C1CA286B05DF00C812E5 /* RefundPolicyPresenterTests.swift */ = {isa = PBXFileReference; lastKnownFileType = sourcecode.swift; path = RefundPolicyPresenterTests.swift; sourceTree = "<group>"; };
		1886C1CC286B075A00C812E5 /* ShippingPolicyPresenterTests.swift */ = {isa = PBXFileReference; lastKnownFileType = sourcecode.swift; path = ShippingPolicyPresenterTests.swift; sourceTree = "<group>"; };
		3D65E01FE3EF862122C994EE /* Pods-CirclePay_Pod_iOS_Tests.debug.xcconfig */ = {isa = PBXFileReference; includeInIndex = 1; lastKnownFileType = text.xcconfig; name = "Pods-CirclePay_Pod_iOS_Tests.debug.xcconfig"; path = "Target Support Files/Pods-CirclePay_Pod_iOS_Tests/Pods-CirclePay_Pod_iOS_Tests.debug.xcconfig"; sourceTree = "<group>"; };
		3DF9595C73407471D3DAD489 /* CirclePay_Pod_iOS.podspec */ = {isa = PBXFileReference; includeInIndex = 1; lastKnownFileType = text; name = CirclePay_Pod_iOS.podspec; path = ../CirclePay_Pod_iOS.podspec; sourceTree = "<group>"; xcLanguageSpecificationIdentifier = xcode.lang.ruby; };
		5EBA8DD96B26A74407A05CCF /* Pods-CirclePay_Pod_iOS_Tests.release.xcconfig */ = {isa = PBXFileReference; includeInIndex = 1; lastKnownFileType = text.xcconfig; name = "Pods-CirclePay_Pod_iOS_Tests.release.xcconfig"; path = "Target Support Files/Pods-CirclePay_Pod_iOS_Tests/Pods-CirclePay_Pod_iOS_Tests.release.xcconfig"; sourceTree = "<group>"; };
		607FACD01AFB9204008FA782 /* CirclePay_Pod_iOS_Example.app */ = {isa = PBXFileReference; explicitFileType = wrapper.application; includeInIndex = 0; path = CirclePay_Pod_iOS_Example.app; sourceTree = BUILT_PRODUCTS_DIR; };
		607FACD41AFB9204008FA782 /* Info.plist */ = {isa = PBXFileReference; lastKnownFileType = text.plist.xml; path = Info.plist; sourceTree = "<group>"; };
		607FACD51AFB9204008FA782 /* AppDelegate.swift */ = {isa = PBXFileReference; lastKnownFileType = sourcecode.swift; path = AppDelegate.swift; sourceTree = "<group>"; };
		607FACD71AFB9204008FA782 /* InitialViewController.swift */ = {isa = PBXFileReference; lastKnownFileType = sourcecode.swift; path = InitialViewController.swift; sourceTree = "<group>"; };
		607FACDA1AFB9204008FA782 /* Base */ = {isa = PBXFileReference; lastKnownFileType = file.storyboard; name = Base; path = Base.lproj/Main.storyboard; sourceTree = "<group>"; };
		607FACDC1AFB9204008FA782 /* Images.xcassets */ = {isa = PBXFileReference; lastKnownFileType = folder.assetcatalog; path = Images.xcassets; sourceTree = "<group>"; };
		607FACDF1AFB9204008FA782 /* Base */ = {isa = PBXFileReference; lastKnownFileType = file.xib; name = Base; path = Base.lproj/LaunchScreen.xib; sourceTree = "<group>"; };
		607FACE51AFB9204008FA782 /* CirclePay_Pod_iOS_Tests.xctest */ = {isa = PBXFileReference; explicitFileType = wrapper.cfbundle; includeInIndex = 0; path = CirclePay_Pod_iOS_Tests.xctest; sourceTree = BUILT_PRODUCTS_DIR; };
		607FACEA1AFB9204008FA782 /* Info.plist */ = {isa = PBXFileReference; lastKnownFileType = text.plist.xml; path = Info.plist; sourceTree = "<group>"; };
		607FACEB1AFB9204008FA782 /* Tests.swift */ = {isa = PBXFileReference; lastKnownFileType = sourcecode.swift; path = Tests.swift; sourceTree = "<group>"; };
		77321889E784A1E07FA0B841 /* Pods-CirclePay_Pod_iOS_Example.release.xcconfig */ = {isa = PBXFileReference; includeInIndex = 1; lastKnownFileType = text.xcconfig; name = "Pods-CirclePay_Pod_iOS_Example.release.xcconfig"; path = "Target Support Files/Pods-CirclePay_Pod_iOS_Example/Pods-CirclePay_Pod_iOS_Example.release.xcconfig"; sourceTree = "<group>"; };
		91D2084C5B1FEB93B9908C58 /* Pods_CirclePay_Pod_iOS_Tests.framework */ = {isa = PBXFileReference; explicitFileType = wrapper.framework; includeInIndex = 0; path = Pods_CirclePay_Pod_iOS_Tests.framework; sourceTree = BUILT_PRODUCTS_DIR; };
		9C53A196807C4A6F607F5703 /* README.md */ = {isa = PBXFileReference; includeInIndex = 1; lastKnownFileType = net.daringfireball.markdown; name = README.md; path = ../README.md; sourceTree = "<group>"; };
		E2A2134673A78D8D125EA624 /* Pods_CirclePay_Pod_iOS_Example.framework */ = {isa = PBXFileReference; explicitFileType = wrapper.framework; includeInIndex = 0; path = Pods_CirclePay_Pod_iOS_Example.framework; sourceTree = BUILT_PRODUCTS_DIR; };
		F24F167CCE2B66FA39747EBD /* LICENSE */ = {isa = PBXFileReference; includeInIndex = 1; lastKnownFileType = text; name = LICENSE; path = ../LICENSE; sourceTree = "<group>"; };
/* End PBXFileReference section */

/* Begin PBXFrameworksBuildPhase section */
		607FACCD1AFB9204008FA782 /* Frameworks */ = {
			isa = PBXFrameworksBuildPhase;
			buildActionMask = 2147483647;
			files = (
				498F500029D9409882FB5AD4 /* Pods_CirclePay_Pod_iOS_Example.framework in Frameworks */,
			);
			runOnlyForDeploymentPostprocessing = 0;
		};
		607FACE21AFB9204008FA782 /* Frameworks */ = {
			isa = PBXFrameworksBuildPhase;
			buildActionMask = 2147483647;
			files = (
				060B5AA48FF6E7A86D8B5696 /* Pods_CirclePay_Pod_iOS_Tests.framework in Frameworks */,
			);
			runOnlyForDeploymentPostprocessing = 0;
		};
/* End PBXFrameworksBuildPhase section */

/* Begin PBXGroup section */
		181DE4F02843AD9700F82F9B /* View */ = {
			isa = PBXGroup;
			children = (
				181DE4F52843ADC000F82F9B /* Layouts */,
				181DE4E42843AD8800F82F9B /* InvoiceListViewController.swift */,
			);
			name = View;
			sourceTree = "<group>";
		};
		181DE4F12843AD9D00F82F9B /* Presenter */ = {
			isa = PBXGroup;
			children = (
				181DE4E22843AD8800F82F9B /* InvoiceListPresenter.swift */,
			);
			name = Presenter;
			sourceTree = "<group>";
		};
		181DE4F22843ADA400F82F9B /* Router */ = {
			isa = PBXGroup;
			children = (
				181DE4E32843AD8800F82F9B /* InvoiceListRouter.swift */,
			);
			name = Router;
			sourceTree = "<group>";
		};
		181DE4F32843ADB100F82F9B /* Interactor */ = {
			isa = PBXGroup;
			children = (
				181DE4E62843AD8800F82F9B /* InvoiceListInteractor.swift */,
			);
			name = Interactor;
			sourceTree = "<group>";
		};
		181DE4F42843ADB700F82F9B /* Entities */ = {
			isa = PBXGroup;
			children = (
				181DE4E72843AD8800F82F9B /* InvoiceListEntity.swift */,
			);
			name = Entities;
			sourceTree = "<group>";
		};
		181DE4F52843ADC000F82F9B /* Layouts */ = {
			isa = PBXGroup;
			children = (
				181DE4E12843AD8800F82F9B /* InvoiceListContainerView.swift */,
			);
			name = Layouts;
			sourceTree = "<group>";
		};
		181DE565285F17A800F82F9B /* InvoicesModule */ = {
			isa = PBXGroup;
			children = (
				1829334C285133180005E5FF /* InvoicePayModule.swift */,
				181DE566285F180400F82F9B /* InvoiceCreateModule.swift */,
				181DE568285F183B00F82F9B /* InvoiceGetModule.swift */,
				181DE56A285F1BD200F82F9B /* InvoiceListModule.swift */,
				181DE56C285F1F9B00F82F9B /* InvoiceDeleteModule.swift */,
			);
			name = InvoicesModule;
			sourceTree = "<group>";
		};
		181DE56F286399BC00F82F9B /* MerchantModule */ = {
			isa = PBXGroup;
			children = (
				181DE57028639A0400F82F9B /* MerchantCreateModule.swift */,
				181DE57228639E0A00F82F9B /* MerchantGetModule.swift */,
				181DE57428639F7A00F82F9B /* MerchantListModule.swift */,
				181DE5762863A0CC00F82F9B /* MerchantUpdateModule.swift */,
				181DE5782863A26300F82F9B /* MerchantEnablePaymentGatewayModule.swift */,
				181DE57A2863A40000F82F9B /* MerchantDisablePaymentGatewayModule.swift */,
				181DE57C2863A48A00F82F9B /* MerchantListPaymentGatewaysModule.swift */,
				181DE57E2863A69400F82F9B /* MerchantEnablePaymentMethodModule.swift */,
				181DE5802863A75F00F82F9B /* MerchantDisablePaymentMethodModule.swift */,
				181DE5822863A81300F82F9B /* MerchantListPaymentMethodsModule.swift */,
				181DE5842863AA2300F82F9B /* MerchantSendOTPModule.swift */,
				181DE5862863AB9E00F82F9B /* MerchantVerifyModule.swift */,
			);
			name = MerchantModule;
			sourceTree = "<group>";
		};
		181DE588286884A800F82F9B /* CustomerModule */ = {
			isa = PBXGroup;
			children = (
				181DE589286884CC00F82F9B /* CustomerCreateModule.swift */,
				181DE58B2868869400F82F9B /* CustomerUpdateModule.swift */,
				181DE58D2868873000F82F9B /* CustomerListModule.swift */,
				181DE58F2868895800F82F9B /* CustomerGetModule.swift */,
			);
			name = CustomerModule;
			sourceTree = "<group>";
		};
		187F7199283B798D0054309D /* Utills */ = {
			isa = PBXGroup;
			children = (
				187F719A283B79960054309D /* Indicator */,
			);
			name = Utills;
			sourceTree = "<group>";
		};
		187F719A283B79960054309D /* Indicator */ = {
			isa = PBXGroup;
			children = (
				187F719B283B79A30054309D /* NormalIndicator.swift */,
				187F719D283B79D80054309D /* Indicator + UIView.swift */,
				187F719F283B79EC0054309D /* LottieIndicator.swift */,
			);
			name = Indicator;
			sourceTree = "<group>";
		};
		187F71A3283BBA680054309D /* Modules */ = {
			isa = PBXGroup;
			children = (
				187F71A5283BBA800054309D /* InvoicesList */,
				187F71A4283BBA6F0054309D /* Initial */,
			);
			name = Modules;
			sourceTree = "<group>";
		};
		187F71A4283BBA6F0054309D /* Initial */ = {
			isa = PBXGroup;
			children = (
				607FACD71AFB9204008FA782 /* InitialViewController.swift */,
			);
			name = Initial;
			sourceTree = "<group>";
		};
		187F71A5283BBA800054309D /* InvoicesList */ = {
			isa = PBXGroup;
			children = (
				181DE4F02843AD9700F82F9B /* View */,
				181DE4F12843AD9D00F82F9B /* Presenter */,
				181DE4F22843ADA400F82F9B /* Router */,
				181DE4E52843AD8800F82F9B /* InvoiceListProtocols.swift */,
				181DE4F32843ADB100F82F9B /* Interactor */,
				181DE4F42843ADB700F82F9B /* Entities */,
			);
			name = InvoicesList;
			sourceTree = "<group>";
		};
		1886C1C62868AD8C00C812E5 /* CheckOutEmbed */ = {
			isa = PBXGroup;
			children = (
				1886C1C82868ADB500C812E5 /* InvoiceFirstScreenPresenterTests.swift */,
				1886C1CA286B05DF00C812E5 /* RefundPolicyPresenterTests.swift */,
				1886C1CC286B075A00C812E5 /* ShippingPolicyPresenterTests.swift */,
			);
			name = CheckOutEmbed;
			sourceTree = "<group>";
		};
		607FACC71AFB9204008FA782 = {
			isa = PBXGroup;
			children = (
				607FACF51AFB993E008FA782 /* Podspec Metadata */,
				607FACD21AFB9204008FA782 /* Example for CirclePay_Pod_iOS */,
				607FACE81AFB9204008FA782 /* Tests */,
				607FACD11AFB9204008FA782 /* Products */,
				9B0CC52516F789FD21E9C01A /* Pods */,
				F32C3DB87EA7471D64C02DCD /* Frameworks */,
			);
			sourceTree = "<group>";
		};
		607FACD11AFB9204008FA782 /* Products */ = {
			isa = PBXGroup;
			children = (
				607FACD01AFB9204008FA782 /* CirclePay_Pod_iOS_Example.app */,
				607FACE51AFB9204008FA782 /* CirclePay_Pod_iOS_Tests.xctest */,
			);
			name = Products;
			sourceTree = "<group>";
		};
		607FACD21AFB9204008FA782 /* Example for CirclePay_Pod_iOS */ = {
			isa = PBXGroup;
			children = (
				187F71A3283BBA680054309D /* Modules */,
				187F7199283B798D0054309D /* Utills */,
				607FACD51AFB9204008FA782 /* AppDelegate.swift */,
				607FACD91AFB9204008FA782 /* Main.storyboard */,
				607FACDC1AFB9204008FA782 /* Images.xcassets */,
				607FACDE1AFB9204008FA782 /* LaunchScreen.xib */,
				607FACD31AFB9204008FA782 /* Supporting Files */,
			);
			name = "Example for CirclePay_Pod_iOS";
			path = CirclePay_Pod_iOS;
			sourceTree = "<group>";
		};
		607FACD31AFB9204008FA782 /* Supporting Files */ = {
			isa = PBXGroup;
			children = (
				607FACD41AFB9204008FA782 /* Info.plist */,
			);
			name = "Supporting Files";
			sourceTree = "<group>";
		};
		607FACE81AFB9204008FA782 /* Tests */ = {
			isa = PBXGroup;
			children = (
				1886C1C62868AD8C00C812E5 /* CheckOutEmbed */,
				607FACEB1AFB9204008FA782 /* Tests.swift */,
				607FACE91AFB9204008FA782 /* Supporting Files */,
				181DE565285F17A800F82F9B /* InvoicesModule */,
				181DE56F286399BC00F82F9B /* MerchantModule */,
				181DE588286884A800F82F9B /* CustomerModule */,
			);
			path = Tests;
			sourceTree = "<group>";
		};
		607FACE91AFB9204008FA782 /* Supporting Files */ = {
			isa = PBXGroup;
			children = (
				607FACEA1AFB9204008FA782 /* Info.plist */,
			);
			name = "Supporting Files";
			sourceTree = "<group>";
		};
		607FACF51AFB993E008FA782 /* Podspec Metadata */ = {
			isa = PBXGroup;
			children = (
				3DF9595C73407471D3DAD489 /* CirclePay_Pod_iOS.podspec */,
				9C53A196807C4A6F607F5703 /* README.md */,
				F24F167CCE2B66FA39747EBD /* LICENSE */,
			);
			name = "Podspec Metadata";
			sourceTree = "<group>";
		};
		9B0CC52516F789FD21E9C01A /* Pods */ = {
			isa = PBXGroup;
			children = (
				01D7A2188D4229946AD6D51C /* Pods-CirclePay_Pod_iOS_Example.debug.xcconfig */,
				77321889E784A1E07FA0B841 /* Pods-CirclePay_Pod_iOS_Example.release.xcconfig */,
				3D65E01FE3EF862122C994EE /* Pods-CirclePay_Pod_iOS_Tests.debug.xcconfig */,
				5EBA8DD96B26A74407A05CCF /* Pods-CirclePay_Pod_iOS_Tests.release.xcconfig */,
			);
			path = Pods;
			sourceTree = "<group>";
		};
		F32C3DB87EA7471D64C02DCD /* Frameworks */ = {
			isa = PBXGroup;
			children = (
				E2A2134673A78D8D125EA624 /* Pods_CirclePay_Pod_iOS_Example.framework */,
				91D2084C5B1FEB93B9908C58 /* Pods_CirclePay_Pod_iOS_Tests.framework */,
			);
			name = Frameworks;
			sourceTree = "<group>";
		};
/* End PBXGroup section */

/* Begin PBXNativeTarget section */
		607FACCF1AFB9204008FA782 /* CirclePay_Pod_iOS_Example */ = {
			isa = PBXNativeTarget;
			buildConfigurationList = 607FACEF1AFB9204008FA782 /* Build configuration list for PBXNativeTarget "CirclePay_Pod_iOS_Example" */;
			buildPhases = (
				5AFB234E8D1761D2408EBFE7 /* [CP] Check Pods Manifest.lock */,
				607FACCC1AFB9204008FA782 /* Sources */,
				607FACCD1AFB9204008FA782 /* Frameworks */,
				607FACCE1AFB9204008FA782 /* Resources */,
				725D474B72E0C69FB3134C33 /* [CP] Embed Pods Frameworks */,
			);
			buildRules = (
			);
			dependencies = (
			);
			name = CirclePay_Pod_iOS_Example;
			productName = CirclePay_Pod_iOS;
			productReference = 607FACD01AFB9204008FA782 /* CirclePay_Pod_iOS_Example.app */;
			productType = "com.apple.product-type.application";
		};
		607FACE41AFB9204008FA782 /* CirclePay_Pod_iOS_Tests */ = {
			isa = PBXNativeTarget;
			buildConfigurationList = 607FACF21AFB9204008FA782 /* Build configuration list for PBXNativeTarget "CirclePay_Pod_iOS_Tests" */;
			buildPhases = (
				5440564065E2D86C49D623E0 /* [CP] Check Pods Manifest.lock */,
				607FACE11AFB9204008FA782 /* Sources */,
				607FACE21AFB9204008FA782 /* Frameworks */,
				607FACE31AFB9204008FA782 /* Resources */,
				BB97E49219B18EA2EE0CFE45 /* [CP] Embed Pods Frameworks */,
			);
			buildRules = (
			);
			dependencies = (
				607FACE71AFB9204008FA782 /* PBXTargetDependency */,
			);
			name = CirclePay_Pod_iOS_Tests;
			productName = Tests;
			productReference = 607FACE51AFB9204008FA782 /* CirclePay_Pod_iOS_Tests.xctest */;
			productType = "com.apple.product-type.bundle.unit-test";
		};
/* End PBXNativeTarget section */

/* Begin PBXProject section */
		607FACC81AFB9204008FA782 /* Project object */ = {
			isa = PBXProject;
			attributes = {
				LastSwiftUpdateCheck = 0830;
				LastUpgradeCheck = 1250;
				ORGANIZATIONNAME = CocoaPods;
				TargetAttributes = {
					607FACCF1AFB9204008FA782 = {
						CreatedOnToolsVersion = 6.3.1;
						DevelopmentTeam = F9K2NMCYJQ;
						LastSwiftMigration = 0900;
					};
					607FACE41AFB9204008FA782 = {
						CreatedOnToolsVersion = 6.3.1;
						DevelopmentTeam = F9K2NMCYJQ;
						LastSwiftMigration = 0900;
						TestTargetID = 607FACCF1AFB9204008FA782;
					};
				};
			};
			buildConfigurationList = 607FACCB1AFB9204008FA782 /* Build configuration list for PBXProject "CirclePay_Pod_iOS" */;
			compatibilityVersion = "Xcode 3.2";
			developmentRegion = en;
			hasScannedForEncodings = 0;
			knownRegions = (
				en,
				Base,
			);
			mainGroup = 607FACC71AFB9204008FA782;
			productRefGroup = 607FACD11AFB9204008FA782 /* Products */;
			projectDirPath = "";
			projectRoot = "";
			targets = (
				607FACCF1AFB9204008FA782 /* CirclePay_Pod_iOS_Example */,
				607FACE41AFB9204008FA782 /* CirclePay_Pod_iOS_Tests */,
			);
		};
/* End PBXProject section */

/* Begin PBXResourcesBuildPhase section */
		607FACCE1AFB9204008FA782 /* Resources */ = {
			isa = PBXResourcesBuildPhase;
			buildActionMask = 2147483647;
			files = (
				607FACDB1AFB9204008FA782 /* Main.storyboard in Resources */,
				607FACE01AFB9204008FA782 /* LaunchScreen.xib in Resources */,
				607FACDD1AFB9204008FA782 /* Images.xcassets in Resources */,
			);
			runOnlyForDeploymentPostprocessing = 0;
		};
		607FACE31AFB9204008FA782 /* Resources */ = {
			isa = PBXResourcesBuildPhase;
			buildActionMask = 2147483647;
			files = (
			);
			runOnlyForDeploymentPostprocessing = 0;
		};
/* End PBXResourcesBuildPhase section */

/* Begin PBXShellScriptBuildPhase section */
		5440564065E2D86C49D623E0 /* [CP] Check Pods Manifest.lock */ = {
			isa = PBXShellScriptBuildPhase;
			buildActionMask = 2147483647;
			files = (
			);
			inputFileListPaths = (
			);
			inputPaths = (
				"${PODS_PODFILE_DIR_PATH}/Podfile.lock",
				"${PODS_ROOT}/Manifest.lock",
			);
			name = "[CP] Check Pods Manifest.lock";
			outputFileListPaths = (
			);
			outputPaths = (
				"$(DERIVED_FILE_DIR)/Pods-CirclePay_Pod_iOS_Tests-checkManifestLockResult.txt",
			);
			runOnlyForDeploymentPostprocessing = 0;
			shellPath = /bin/sh;
			shellScript = "diff \"${PODS_PODFILE_DIR_PATH}/Podfile.lock\" \"${PODS_ROOT}/Manifest.lock\" > /dev/null\nif [ $? != 0 ] ; then\n    # print error to STDERR\n    echo \"error: The sandbox is not in sync with the Podfile.lock. Run 'pod install' or update your CocoaPods installation.\" >&2\n    exit 1\nfi\n# This output is used by Xcode 'outputs' to avoid re-running this script phase.\necho \"SUCCESS\" > \"${SCRIPT_OUTPUT_FILE_0}\"\n";
			showEnvVarsInLog = 0;
		};
		5AFB234E8D1761D2408EBFE7 /* [CP] Check Pods Manifest.lock */ = {
			isa = PBXShellScriptBuildPhase;
			buildActionMask = 2147483647;
			files = (
			);
			inputFileListPaths = (
			);
			inputPaths = (
				"${PODS_PODFILE_DIR_PATH}/Podfile.lock",
				"${PODS_ROOT}/Manifest.lock",
			);
			name = "[CP] Check Pods Manifest.lock";
			outputFileListPaths = (
			);
			outputPaths = (
				"$(DERIVED_FILE_DIR)/Pods-CirclePay_Pod_iOS_Example-checkManifestLockResult.txt",
			);
			runOnlyForDeploymentPostprocessing = 0;
			shellPath = /bin/sh;
			shellScript = "diff \"${PODS_PODFILE_DIR_PATH}/Podfile.lock\" \"${PODS_ROOT}/Manifest.lock\" > /dev/null\nif [ $? != 0 ] ; then\n    # print error to STDERR\n    echo \"error: The sandbox is not in sync with the Podfile.lock. Run 'pod install' or update your CocoaPods installation.\" >&2\n    exit 1\nfi\n# This output is used by Xcode 'outputs' to avoid re-running this script phase.\necho \"SUCCESS\" > \"${SCRIPT_OUTPUT_FILE_0}\"\n";
			showEnvVarsInLog = 0;
		};
		725D474B72E0C69FB3134C33 /* [CP] Embed Pods Frameworks */ = {
			isa = PBXShellScriptBuildPhase;
			buildActionMask = 2147483647;
			files = (
			);
			inputPaths = (
				"${PODS_ROOT}/Target Support Files/Pods-CirclePay_Pod_iOS_Example/Pods-CirclePay_Pod_iOS_Example-frameworks.sh",
				"${BUILT_PRODUCTS_DIR}/Alamofire/Alamofire.framework",
				"${BUILT_PRODUCTS_DIR}/CirclePay_Pod_iOS/CirclePay_Pod_iOS.framework",
				"${BUILT_PRODUCTS_DIR}/FontBlaster/FontBlaster.framework",
				"${BUILT_PRODUCTS_DIR}/IQKeyboardManagerSwift/IQKeyboardManagerSwift.framework",
				"${BUILT_PRODUCTS_DIR}/Kingfisher/Kingfisher.framework",
			);
			name = "[CP] Embed Pods Frameworks";
			outputPaths = (
				"${TARGET_BUILD_DIR}/${FRAMEWORKS_FOLDER_PATH}/Alamofire.framework",
				"${TARGET_BUILD_DIR}/${FRAMEWORKS_FOLDER_PATH}/CirclePay_Pod_iOS.framework",
				"${TARGET_BUILD_DIR}/${FRAMEWORKS_FOLDER_PATH}/FontBlaster.framework",
				"${TARGET_BUILD_DIR}/${FRAMEWORKS_FOLDER_PATH}/IQKeyboardManagerSwift.framework",
				"${TARGET_BUILD_DIR}/${FRAMEWORKS_FOLDER_PATH}/Kingfisher.framework",
			);
			runOnlyForDeploymentPostprocessing = 0;
			shellPath = /bin/sh;
			shellScript = "\"${PODS_ROOT}/Target Support Files/Pods-CirclePay_Pod_iOS_Example/Pods-CirclePay_Pod_iOS_Example-frameworks.sh\"\n";
			showEnvVarsInLog = 0;
		};
		BB97E49219B18EA2EE0CFE45 /* [CP] Embed Pods Frameworks */ = {
			isa = PBXShellScriptBuildPhase;
			buildActionMask = 2147483647;
			files = (
			);
			inputPaths = (
				"${PODS_ROOT}/Target Support Files/Pods-CirclePay_Pod_iOS_Tests/Pods-CirclePay_Pod_iOS_Tests-frameworks.sh",
				"${BUILT_PRODUCTS_DIR}/OHHTTPStubs/OHHTTPStubs.framework",
			);
			name = "[CP] Embed Pods Frameworks";
			outputPaths = (
				"${TARGET_BUILD_DIR}/${FRAMEWORKS_FOLDER_PATH}/OHHTTPStubs.framework",
			);
			runOnlyForDeploymentPostprocessing = 0;
			shellPath = /bin/sh;
			shellScript = "\"${PODS_ROOT}/Target Support Files/Pods-CirclePay_Pod_iOS_Tests/Pods-CirclePay_Pod_iOS_Tests-frameworks.sh\"\n";
			showEnvVarsInLog = 0;
		};
/* End PBXShellScriptBuildPhase section */

/* Begin PBXSourcesBuildPhase section */
		607FACCC1AFB9204008FA782 /* Sources */ = {
			isa = PBXSourcesBuildPhase;
			buildActionMask = 2147483647;
			files = (
				187F719E283B79D80054309D /* Indicator + UIView.swift in Sources */,
				181DE4ED2843AD8800F82F9B /* InvoiceListProtocols.swift in Sources */,
				181DE4EA2843AD8800F82F9B /* InvoiceListPresenter.swift in Sources */,
				607FACD81AFB9204008FA782 /* InitialViewController.swift in Sources */,
				181DE4EE2843AD8800F82F9B /* InvoiceListInteractor.swift in Sources */,
				181DE4E92843AD8800F82F9B /* InvoiceListContainerView.swift in Sources */,
				181DE4EB2843AD8800F82F9B /* InvoiceListRouter.swift in Sources */,
				181DE4EC2843AD8800F82F9B /* InvoiceListViewController.swift in Sources */,
				181DE4EF2843AD8800F82F9B /* InvoiceListEntity.swift in Sources */,
				187F719C283B79A30054309D /* NormalIndicator.swift in Sources */,
				607FACD61AFB9204008FA782 /* AppDelegate.swift in Sources */,
				187F71A0283B79EC0054309D /* LottieIndicator.swift in Sources */,
			);
			runOnlyForDeploymentPostprocessing = 0;
		};
		607FACE11AFB9204008FA782 /* Sources */ = {
			isa = PBXSourcesBuildPhase;
			buildActionMask = 2147483647;
			files = (
				181DE57B2863A40000F82F9B /* MerchantDisablePaymentGatewayModule.swift in Sources */,
				181DE56D285F1F9B00F82F9B /* InvoiceDeleteModule.swift in Sources */,
				181DE5852863AA2300F82F9B /* MerchantSendOTPModule.swift in Sources */,
				181DE57528639F7A00F82F9B /* MerchantListModule.swift in Sources */,
				181DE5902868895800F82F9B /* CustomerGetModule.swift in Sources */,
				181DE569285F183B00F82F9B /* InvoiceGetModule.swift in Sources */,
				181DE57328639E0A00F82F9B /* MerchantGetModule.swift in Sources */,
				181DE57D2863A48A00F82F9B /* MerchantListPaymentGatewaysModule.swift in Sources */,
				607FACEC1AFB9204008FA782 /* Tests.swift in Sources */,
				1886C1C92868ADB500C812E5 /* InvoiceFirstScreenPresenterTests.swift in Sources */,
				181DE5832863A81300F82F9B /* MerchantListPaymentMethodsModule.swift in Sources */,
				181DE57128639A0400F82F9B /* MerchantCreateModule.swift in Sources */,
				1886C1CB286B05DF00C812E5 /* RefundPolicyPresenterTests.swift in Sources */,
				181DE5772863A0CC00F82F9B /* MerchantUpdateModule.swift in Sources */,
				181DE5792863A26300F82F9B /* MerchantEnablePaymentGatewayModule.swift in Sources */,
				181DE567285F180400F82F9B /* InvoiceCreateModule.swift in Sources */,
				1829334D285133180005E5FF /* InvoicePayModule.swift in Sources */,
				181DE57F2863A69400F82F9B /* MerchantEnablePaymentMethodModule.swift in Sources */,
				1886C1CD286B075A00C812E5 /* ShippingPolicyPresenterTests.swift in Sources */,
				181DE58E2868873000F82F9B /* CustomerListModule.swift in Sources */,
				181DE5812863A75F00F82F9B /* MerchantDisablePaymentMethodModule.swift in Sources */,
				181DE58C2868869400F82F9B /* CustomerUpdateModule.swift in Sources */,
				181DE58A286884CC00F82F9B /* CustomerCreateModule.swift in Sources */,
				181DE5872863AB9E00F82F9B /* MerchantVerifyModule.swift in Sources */,
				181DE56B285F1BD200F82F9B /* InvoiceListModule.swift in Sources */,
			);
			runOnlyForDeploymentPostprocessing = 0;
		};
/* End PBXSourcesBuildPhase section */

/* Begin PBXTargetDependency section */
		607FACE71AFB9204008FA782 /* PBXTargetDependency */ = {
			isa = PBXTargetDependency;
			target = 607FACCF1AFB9204008FA782 /* CirclePay_Pod_iOS_Example */;
			targetProxy = 607FACE61AFB9204008FA782 /* PBXContainerItemProxy */;
		};
/* End PBXTargetDependency section */

/* Begin PBXVariantGroup section */
		607FACD91AFB9204008FA782 /* Main.storyboard */ = {
			isa = PBXVariantGroup;
			children = (
				607FACDA1AFB9204008FA782 /* Base */,
			);
			name = Main.storyboard;
			sourceTree = "<group>";
		};
		607FACDE1AFB9204008FA782 /* LaunchScreen.xib */ = {
			isa = PBXVariantGroup;
			children = (
				607FACDF1AFB9204008FA782 /* Base */,
			);
			name = LaunchScreen.xib;
			sourceTree = "<group>";
		};
/* End PBXVariantGroup section */

/* Begin XCBuildConfiguration section */
		607FACED1AFB9204008FA782 /* Debug */ = {
			isa = XCBuildConfiguration;
			buildSettings = {
				ALWAYS_SEARCH_USER_PATHS = NO;
				CLANG_ANALYZER_LOCALIZABILITY_NONLOCALIZED = YES;
				CLANG_CXX_LANGUAGE_STANDARD = "gnu++0x";
				CLANG_CXX_LIBRARY = "libc++";
				CLANG_ENABLE_MODULES = YES;
				CLANG_ENABLE_OBJC_ARC = YES;
				CLANG_WARN_BLOCK_CAPTURE_AUTORELEASING = YES;
				CLANG_WARN_BOOL_CONVERSION = YES;
				CLANG_WARN_COMMA = YES;
				CLANG_WARN_CONSTANT_CONVERSION = YES;
				CLANG_WARN_DEPRECATED_OBJC_IMPLEMENTATIONS = YES;
				CLANG_WARN_DIRECT_OBJC_ISA_USAGE = YES_ERROR;
				CLANG_WARN_EMPTY_BODY = YES;
				CLANG_WARN_ENUM_CONVERSION = YES;
				CLANG_WARN_INFINITE_RECURSION = YES;
				CLANG_WARN_INT_CONVERSION = YES;
				CLANG_WARN_NON_LITERAL_NULL_CONVERSION = YES;
				CLANG_WARN_OBJC_IMPLICIT_RETAIN_SELF = YES;
				CLANG_WARN_OBJC_LITERAL_CONVERSION = YES;
				CLANG_WARN_OBJC_ROOT_CLASS = YES_ERROR;
				CLANG_WARN_QUOTED_INCLUDE_IN_FRAMEWORK_HEADER = YES;
				CLANG_WARN_RANGE_LOOP_ANALYSIS = YES;
				CLANG_WARN_STRICT_PROTOTYPES = YES;
				CLANG_WARN_SUSPICIOUS_MOVE = YES;
				CLANG_WARN_UNREACHABLE_CODE = YES;
				CLANG_WARN__DUPLICATE_METHOD_MATCH = YES;
				"CODE_SIGN_IDENTITY[sdk=iphoneos*]" = "iPhone Developer";
				COPY_PHASE_STRIP = NO;
				DEBUG_INFORMATION_FORMAT = "dwarf-with-dsym";
				ENABLE_STRICT_OBJC_MSGSEND = YES;
				ENABLE_TESTABILITY = YES;
				GCC_C_LANGUAGE_STANDARD = gnu99;
				GCC_DYNAMIC_NO_PIC = NO;
				GCC_NO_COMMON_BLOCKS = YES;
				GCC_OPTIMIZATION_LEVEL = 0;
				GCC_PREPROCESSOR_DEFINITIONS = (
					"DEBUG=1",
					"$(inherited)",
				);
				GCC_SYMBOLS_PRIVATE_EXTERN = NO;
				GCC_WARN_64_TO_32_BIT_CONVERSION = YES;
				GCC_WARN_ABOUT_RETURN_TYPE = YES_ERROR;
				GCC_WARN_UNDECLARED_SELECTOR = YES;
				GCC_WARN_UNINITIALIZED_AUTOS = YES_AGGRESSIVE;
				GCC_WARN_UNUSED_FUNCTION = YES;
				GCC_WARN_UNUSED_VARIABLE = YES;
				IPHONEOS_DEPLOYMENT_TARGET = 12.1;
				MTL_ENABLE_DEBUG_INFO = YES;
				ONLY_ACTIVE_ARCH = YES;
				SDKROOT = iphoneos;
				SWIFT_OPTIMIZATION_LEVEL = "-Onone";
			};
			name = Debug;
		};
		607FACEE1AFB9204008FA782 /* Release */ = {
			isa = XCBuildConfiguration;
			buildSettings = {
				ALWAYS_SEARCH_USER_PATHS = NO;
				CLANG_ANALYZER_LOCALIZABILITY_NONLOCALIZED = YES;
				CLANG_CXX_LANGUAGE_STANDARD = "gnu++0x";
				CLANG_CXX_LIBRARY = "libc++";
				CLANG_ENABLE_MODULES = YES;
				CLANG_ENABLE_OBJC_ARC = YES;
				CLANG_WARN_BLOCK_CAPTURE_AUTORELEASING = YES;
				CLANG_WARN_BOOL_CONVERSION = YES;
				CLANG_WARN_COMMA = YES;
				CLANG_WARN_CONSTANT_CONVERSION = YES;
				CLANG_WARN_DEPRECATED_OBJC_IMPLEMENTATIONS = YES;
				CLANG_WARN_DIRECT_OBJC_ISA_USAGE = YES_ERROR;
				CLANG_WARN_EMPTY_BODY = YES;
				CLANG_WARN_ENUM_CONVERSION = YES;
				CLANG_WARN_INFINITE_RECURSION = YES;
				CLANG_WARN_INT_CONVERSION = YES;
				CLANG_WARN_NON_LITERAL_NULL_CONVERSION = YES;
				CLANG_WARN_OBJC_IMPLICIT_RETAIN_SELF = YES;
				CLANG_WARN_OBJC_LITERAL_CONVERSION = YES;
				CLANG_WARN_OBJC_ROOT_CLASS = YES_ERROR;
				CLANG_WARN_QUOTED_INCLUDE_IN_FRAMEWORK_HEADER = YES;
				CLANG_WARN_RANGE_LOOP_ANALYSIS = YES;
				CLANG_WARN_STRICT_PROTOTYPES = YES;
				CLANG_WARN_SUSPICIOUS_MOVE = YES;
				CLANG_WARN_UNREACHABLE_CODE = YES;
				CLANG_WARN__DUPLICATE_METHOD_MATCH = YES;
				"CODE_SIGN_IDENTITY[sdk=iphoneos*]" = "iPhone Developer";
				COPY_PHASE_STRIP = NO;
				DEBUG_INFORMATION_FORMAT = "dwarf-with-dsym";
				ENABLE_NS_ASSERTIONS = NO;
				ENABLE_STRICT_OBJC_MSGSEND = YES;
				GCC_C_LANGUAGE_STANDARD = gnu99;
				GCC_NO_COMMON_BLOCKS = YES;
				GCC_WARN_64_TO_32_BIT_CONVERSION = YES;
				GCC_WARN_ABOUT_RETURN_TYPE = YES_ERROR;
				GCC_WARN_UNDECLARED_SELECTOR = YES;
				GCC_WARN_UNINITIALIZED_AUTOS = YES_AGGRESSIVE;
				GCC_WARN_UNUSED_FUNCTION = YES;
				GCC_WARN_UNUSED_VARIABLE = YES;
				IPHONEOS_DEPLOYMENT_TARGET = 12.1;
				MTL_ENABLE_DEBUG_INFO = NO;
				SDKROOT = iphoneos;
				SWIFT_OPTIMIZATION_LEVEL = "-Owholemodule";
				VALIDATE_PRODUCT = YES;
			};
			name = Release;
		};
		607FACF01AFB9204008FA782 /* Debug */ = {
			isa = XCBuildConfiguration;
			baseConfigurationReference = 01D7A2188D4229946AD6D51C /* Pods-CirclePay_Pod_iOS_Example.debug.xcconfig */;
			buildSettings = {
				ASSETCATALOG_COMPILER_APPICON_NAME = AppIcon;
				DEVELOPMENT_TEAM = F9K2NMCYJQ;
				INFOPLIST_FILE = CirclePay_Pod_iOS/Info.plist;
				IPHONEOS_DEPLOYMENT_TARGET = 12.1;
				LD_RUNPATH_SEARCH_PATHS = "$(inherited) @executable_path/Frameworks";
				MODULE_NAME = ExampleApp;
				PRODUCT_BUNDLE_IDENTIFIER = "org.cocoapods.demo.$(PRODUCT_NAME:rfc1034identifier)";
				PRODUCT_NAME = "$(TARGET_NAME)";
				SWIFT_SWIFT3_OBJC_INFERENCE = Default;
				SWIFT_VERSION = 4.0;
			};
			name = Debug;
		};
		607FACF11AFB9204008FA782 /* Release */ = {
			isa = XCBuildConfiguration;
			baseConfigurationReference = 77321889E784A1E07FA0B841 /* Pods-CirclePay_Pod_iOS_Example.release.xcconfig */;
			buildSettings = {
				ASSETCATALOG_COMPILER_APPICON_NAME = AppIcon;
				DEVELOPMENT_TEAM = F9K2NMCYJQ;
				INFOPLIST_FILE = CirclePay_Pod_iOS/Info.plist;
				IPHONEOS_DEPLOYMENT_TARGET = 12.1;
				LD_RUNPATH_SEARCH_PATHS = "$(inherited) @executable_path/Frameworks";
				MODULE_NAME = ExampleApp;
				PRODUCT_BUNDLE_IDENTIFIER = "org.cocoapods.demo.$(PRODUCT_NAME:rfc1034identifier)";
				PRODUCT_NAME = "$(TARGET_NAME)";
				SWIFT_SWIFT3_OBJC_INFERENCE = Default;
				SWIFT_VERSION = 4.0;
			};
			name = Release;
		};
		607FACF31AFB9204008FA782 /* Debug */ = {
			isa = XCBuildConfiguration;
			baseConfigurationReference = 3D65E01FE3EF862122C994EE /* Pods-CirclePay_Pod_iOS_Tests.debug.xcconfig */;
			buildSettings = {
				DEVELOPMENT_TEAM = F9K2NMCYJQ;
				FRAMEWORK_SEARCH_PATHS = (
					"$(PLATFORM_DIR)/Developer/Library/Frameworks",
					"$(inherited)",
				);
				GCC_PREPROCESSOR_DEFINITIONS = (
					"DEBUG=1",
					"$(inherited)",
				);
				INFOPLIST_FILE = Tests/Info.plist;
				LD_RUNPATH_SEARCH_PATHS = "$(inherited) @executable_path/Frameworks @loader_path/Frameworks";
				PRODUCT_BUNDLE_IDENTIFIER = "org.cocoapods.$(PRODUCT_NAME:rfc1034identifier)";
				PRODUCT_NAME = "$(TARGET_NAME)";
				SWIFT_SWIFT3_OBJC_INFERENCE = Default;
				SWIFT_VERSION = 4.0;
				TEST_HOST = "$(BUILT_PRODUCTS_DIR)/CirclePay_Pod_iOS_Example.app/CirclePay_Pod_iOS_Example";
			};
			name = Debug;
		};
		607FACF41AFB9204008FA782 /* Release */ = {
			isa = XCBuildConfiguration;
			baseConfigurationReference = 5EBA8DD96B26A74407A05CCF /* Pods-CirclePay_Pod_iOS_Tests.release.xcconfig */;
			buildSettings = {
				DEVELOPMENT_TEAM = F9K2NMCYJQ;
				FRAMEWORK_SEARCH_PATHS = (
					"$(PLATFORM_DIR)/Developer/Library/Frameworks",
					"$(inherited)",
				);
				INFOPLIST_FILE = Tests/Info.plist;
				LD_RUNPATH_SEARCH_PATHS = "$(inherited) @executable_path/Frameworks @loader_path/Frameworks";
				PRODUCT_BUNDLE_IDENTIFIER = "org.cocoapods.$(PRODUCT_NAME:rfc1034identifier)";
				PRODUCT_NAME = "$(TARGET_NAME)";
				SWIFT_SWIFT3_OBJC_INFERENCE = Default;
				SWIFT_VERSION = 4.0;
				TEST_HOST = "$(BUILT_PRODUCTS_DIR)/CirclePay_Pod_iOS_Example.app/CirclePay_Pod_iOS_Example";
			};
			name = Release;
		};
/* End XCBuildConfiguration section */

/* Begin XCConfigurationList section */
		607FACCB1AFB9204008FA782 /* Build configuration list for PBXProject "CirclePay_Pod_iOS" */ = {
			isa = XCConfigurationList;
			buildConfigurations = (
				607FACED1AFB9204008FA782 /* Debug */,
				607FACEE1AFB9204008FA782 /* Release */,
			);
			defaultConfigurationIsVisible = 0;
			defaultConfigurationName = Release;
		};
		607FACEF1AFB9204008FA782 /* Build configuration list for PBXNativeTarget "CirclePay_Pod_iOS_Example" */ = {
			isa = XCConfigurationList;
			buildConfigurations = (
				607FACF01AFB9204008FA782 /* Debug */,
				607FACF11AFB9204008FA782 /* Release */,
			);
			defaultConfigurationIsVisible = 0;
			defaultConfigurationName = Release;
		};
		607FACF21AFB9204008FA782 /* Build configuration list for PBXNativeTarget "CirclePay_Pod_iOS_Tests" */ = {
			isa = XCConfigurationList;
			buildConfigurations = (
				607FACF31AFB9204008FA782 /* Debug */,
				607FACF41AFB9204008FA782 /* Release */,
			);
			defaultConfigurationIsVisible = 0;
			defaultConfigurationName = Release;
		};
/* End XCConfigurationList section */
	};
	rootObject = 607FACC81AFB9204008FA782 /* Project object */;
}
